Microsoft Visual Studio Solution File, Format Version 11.00
# Visual Studio 2008

Project("{12F6CDBB-D779-32C2-6958-4977F338CA1E}") = "Sumāto", "Assembly-CSharp.csproj", "{2E88041C-4352-EEE6-EED6-DEF530A8DE7E}"
EndProject
Global
	GlobalSection(SolutionConfigurationPlatforms) = preSolution
		Debug|Any CPU = Debug|Any CPU
		Release|Any CPU = Release|Any CPU
	EndGlobalSection
	GlobalSection(ProjectConfigurationPlatforms) = postSolution
		{2E88041C-4352-EEE6-EED6-DEF530A8DE7E}.Debug|Any CPU.ActiveCfg = Debug|Any CPU
		{2E88041C-4352-EEE6-EED6-DEF530A8DE7E}.Debug|Any CPU.Build.0 = Debug|Any CPU
		{2E88041C-4352-EEE6-EED6-DEF530A8DE7E}.Release|Any CPU.ActiveCfg = Release|Any CPU
		{2E88041C-4352-EEE6-EED6-DEF530A8DE7E}.Release|Any CPU.Build.0 = Release|Any CPU
	EndGlobalSection
	GlobalSection(SolutionProperties) = preSolution
		HideSolutionNode = FALSE
	EndGlobalSection
	GlobalSection(MonoDevelopProperties) = preSolution
		StartupItem = Assembly-CSharp.csproj
	EndGlobalSection
EndGlobal
