Microsoft Visual Studio Solution File, Format Version 11.00
# Visual Studio 2008

Project("{A0754DED-8D96-13E7-90C0-2C85BFFB076C}") = "Sumāto2", "Assembly-CSharp.csproj", "{57368F76-2C36-BD90-48A3-49C1610E4E73}"
EndProject
Global
	GlobalSection(SolutionConfigurationPlatforms) = preSolution
		Debug|Any CPU = Debug|Any CPU
		Release|Any CPU = Release|Any CPU
	EndGlobalSection
	GlobalSection(ProjectConfigurationPlatforms) = postSolution
		{57368F76-2C36-BD90-48A3-49C1610E4E73}.Debug|Any CPU.ActiveCfg = Debug|Any CPU
		{57368F76-2C36-BD90-48A3-49C1610E4E73}.Debug|Any CPU.Build.0 = Debug|Any CPU
		{57368F76-2C36-BD90-48A3-49C1610E4E73}.Release|Any CPU.ActiveCfg = Release|Any CPU
		{57368F76-2C36-BD90-48A3-49C1610E4E73}.Release|Any CPU.Build.0 = Release|Any CPU
	EndGlobalSection
	GlobalSection(SolutionProperties) = preSolution
		HideSolutionNode = FALSE
	EndGlobalSection
	GlobalSection(MonoDevelopProperties) = preSolution
		StartupItem = Assembly-CSharp.csproj
	EndGlobalSection
EndGlobal
